
Microsoft Visual Studio Solution File, Format Version 12.00
# Visual Studio Version 17
VisualStudioVersion = 17.5.002.0
MinimumVisualStudioVersion = 10.0.40219.1
Project("{9A19103F-16F7-4668-BE54-9A1E7A4F7556}") = "danhsach", "danhsach.csproj", "{E5DCF8A0-2C4D-4584-86C4-8633969E9ACD}"
EndProject
Global
	GlobalSection(SolutionConfigurationPlatforms) = preSolution
		Debug|Any CPU = Debug|Any CPU
		Release|Any CPU = Release|Any CPU
	EndGlobalSection
	GlobalSection(ProjectConfigurationPlatforms) = postSolution
		{E5DCF8A0-2C4D-4584-86C4-8633969E9ACD}.Debug|Any CPU.ActiveCfg = Debug|Any CPU
		{E5DCF8A0-2C4D-4584-86C4-8633969E9ACD}.Debug|Any CPU.Build.0 = Debug|Any CPU
		{E5DCF8A0-2C4D-4584-86C4-8633969E9ACD}.Release|Any CPU.ActiveCfg = Release|Any CPU
		{E5DCF8A0-2C4D-4584-86C4-8633969E9ACD}.Release|Any CPU.Build.0 = Release|Any CPU
	EndGlobalSection
	GlobalSection(SolutionProperties) = preSolution
		HideSolutionNode = FALSE
	EndGlobalSection
	GlobalSection(ExtensibilityGlobals) = postSolution
		SolutionGuid = {65E12ABD-1387-44C0-A548-D594223EBCE9}
	EndGlobalSection
EndGlobal
